// !$*UTF8*$!
{
	archiveVersion = 1;
	classes = {
	};
	objectVersion = 46;
	objects = {

/* Begin PBXBuildFile section */
		184798431D8ED376000D4BB2 /* AppDelegate.swift in Sources */ = {isa = PBXBuildFile; fileRef = 184798421D8ED376000D4BB2 /* AppDelegate.swift */; };
		184798451D8ED376000D4BB2 /* ViewController.swift in Sources */ = {isa = PBXBuildFile; fileRef = 184798441D8ED376000D4BB2 /* ViewController.swift */; };
		184798481D8ED376000D4BB2 /* Main.storyboard in Resources */ = {isa = PBXBuildFile; fileRef = 184798461D8ED376000D4BB2 /* Main.storyboard */; };
		1847984A1D8ED376000D4BB2 /* Assets.xcassets in Resources */ = {isa = PBXBuildFile; fileRef = 184798491D8ED376000D4BB2 /* Assets.xcassets */; };
		1847984D1D8ED376000D4BB2 /* LaunchScreen.storyboard in Resources */ = {isa = PBXBuildFile; fileRef = 1847984B1D8ED376000D4BB2 /* LaunchScreen.storyboard */; };
		184798581D8ED377000D4BB2 /* MemeProjectTests.swift in Sources */ = {isa = PBXBuildFile; fileRef = 184798571D8ED377000D4BB2 /* MemeProjectTests.swift */; };
		184798631D8ED377000D4BB2 /* MemeProjectUITests.swift in Sources */ = {isa = PBXBuildFile; fileRef = 184798621D8ED377000D4BB2 /* MemeProjectUITests.swift */; };
/* End PBXBuildFile section */

/* Begin PBXContainerItemProxy section */
		184798541D8ED376000D4BB2 /* PBXContainerItemProxy */ = {
			isa = PBXContainerItemProxy;
			containerPortal = 184798371D8ED376000D4BB2 /* Project object */;
			proxyType = 1;
			remoteGlobalIDString = 1847983E1D8ED376000D4BB2;
			remoteInfo = MemeProject;
		};
		1847985F1D8ED377000D4BB2 /* PBXContainerItemProxy */ = {
			isa = PBXContainerItemProxy;
			containerPortal = 184798371D8ED376000D4BB2 /* Project object */;
			proxyType = 1;
			remoteGlobalIDString = 1847983E1D8ED376000D4BB2;
			remoteInfo = MemeProject;
		};
/* End PBXContainerItemProxy section */

/* Begin PBXFileReference section */
		1847983F1D8ED376000D4BB2 /* MemeProject.app */ = {isa = PBXFileReference; explicitFileType = wrapper.application; includeInIndex = 0; path = MemeProject.app; sourceTree = BUILT_PRODUCTS_DIR; };
		184798421D8ED376000D4BB2 /* AppDelegate.swift */ = {isa = PBXFileReference; lastKnownFileType = sourcecode.swift; path = AppDelegate.swift; sourceTree = "<group>"; };
		184798441D8ED376000D4BB2 /* ViewController.swift */ = {isa = PBXFileReference; lastKnownFileType = sourcecode.swift; path = ViewController.swift; sourceTree = "<group>"; };
		184798471D8ED376000D4BB2 /* Base */ = {isa = PBXFileReference; lastKnownFileType = file.storyboard; name = Base; path = Base.lproj/Main.storyboard; sourceTree = "<group>"; };
		184798491D8ED376000D4BB2 /* Assets.xcassets */ = {isa = PBXFileReference; lastKnownFileType = folder.assetcatalog; path = Assets.xcassets; sourceTree = "<group>"; };
		1847984C1D8ED376000D4BB2 /* Base */ = {isa = PBXFileReference; lastKnownFileType = file.storyboard; name = Base; path = Base.lproj/LaunchScreen.storyboard; sourceTree = "<group>"; };
		1847984E1D8ED376000D4BB2 /* Info.plist */ = {isa = PBXFileReference; lastKnownFileType = text.plist.xml; path = Info.plist; sourceTree = "<group>"; };
		184798531D8ED376000D4BB2 /* MemeProjectTests.xctest */ = {isa = PBXFileReference; explicitFileType = wrapper.cfbundle; includeInIndex = 0; path = MemeProjectTests.xctest; sourceTree = BUILT_PRODUCTS_DIR; };
		184798571D8ED377000D4BB2 /* MemeProjectTests.swift */ = {isa = PBXFileReference; lastKnownFileType = sourcecode.swift; path = MemeProjectTests.swift; sourceTree = "<group>"; };
		184798591D8ED377000D4BB2 /* Info.plist */ = {isa = PBXFileReference; lastKnownFileType = text.plist.xml; path = Info.plist; sourceTree = "<group>"; };
		1847985E1D8ED377000D4BB2 /* MemeProjectUITests.xctest */ = {isa = PBXFileReference; explicitFileType = wrapper.cfbundle; includeInIndex = 0; path = MemeProjectUITests.xctest; sourceTree = BUILT_PRODUCTS_DIR; };
		184798621D8ED377000D4BB2 /* MemeProjectUITests.swift */ = {isa = PBXFileReference; lastKnownFileType = sourcecode.swift; path = MemeProjectUITests.swift; sourceTree = "<group>"; };
		184798641D8ED377000D4BB2 /* Info.plist */ = {isa = PBXFileReference; lastKnownFileType = text.plist.xml; path = Info.plist; sourceTree = "<group>"; };
/* End PBXFileReference section */

/* Begin PBXFrameworksBuildPhase section */
		1847983C1D8ED376000D4BB2 /* Frameworks */ = {
			isa = PBXFrameworksBuildPhase;
			buildActionMask = 2147483647;
			files = (
			);
			runOnlyForDeploymentPostprocessing = 0;
		};
		184798501D8ED376000D4BB2 /* Frameworks */ = {
			isa = PBXFrameworksBuildPhase;
			buildActionMask = 2147483647;
			files = (
			);
			runOnlyForDeploymentPostprocessing = 0;
		};
		1847985B1D8ED377000D4BB2 /* Frameworks */ = {
			isa = PBXFrameworksBuildPhase;
			buildActionMask = 2147483647;
			files = (
			);
			runOnlyForDeploymentPostprocessing = 0;
		};
/* End PBXFrameworksBuildPhase section */

/* Begin PBXGroup section */
		184798361D8ED376000D4BB2 = {
			isa = PBXGroup;
			children = (
				184798411D8ED376000D4BB2 /* MemeProject */,
				184798561D8ED377000D4BB2 /* MemeProjectTests */,
				184798611D8ED377000D4BB2 /* MemeProjectUITests */,
				184798401D8ED376000D4BB2 /* Products */,
			);
			sourceTree = "<group>";
		};
		184798401D8ED376000D4BB2 /* Products */ = {
			isa = PBXGroup;
			children = (
				1847983F1D8ED376000D4BB2 /* MemeProject.app */,
				184798531D8ED376000D4BB2 /* MemeProjectTests.xctest */,
				1847985E1D8ED377000D4BB2 /* MemeProjectUITests.xctest */,
			);
			name = Products;
			sourceTree = "<group>";
		};
		184798411D8ED376000D4BB2 /* MemeProject */ = {
			isa = PBXGroup;
			children = (
				184798421D8ED376000D4BB2 /* AppDelegate.swift */,
				184798441D8ED376000D4BB2 /* ViewController.swift */,
				184798461D8ED376000D4BB2 /* Main.storyboard */,
				184798491D8ED376000D4BB2 /* Assets.xcassets */,
				1847984B1D8ED376000D4BB2 /* LaunchScreen.storyboard */,
				1847984E1D8ED376000D4BB2 /* Info.plist */,
			);
			path = MemeProject;
			sourceTree = "<group>";
		};
		184798561D8ED377000D4BB2 /* MemeProjectTests */ = {
			isa = PBXGroup;
			children = (
				184798571D8ED377000D4BB2 /* MemeProjectTests.swift */,
				184798591D8ED377000D4BB2 /* Info.plist */,
			);
			path = MemeProjectTests;
			sourceTree = "<group>";
		};
		184798611D8ED377000D4BB2 /* MemeProjectUITests */ = {
			isa = PBXGroup;
			children = (
				184798621D8ED377000D4BB2 /* MemeProjectUITests.swift */,
				184798641D8ED377000D4BB2 /* Info.plist */,
			);
			path = MemeProjectUITests;
			sourceTree = "<group>";
		};
/* End PBXGroup section */

/* Begin PBXNativeTarget section */
		1847983E1D8ED376000D4BB2 /* MemeProject */ = {
			isa = PBXNativeTarget;
			buildConfigurationList = 184798671D8ED377000D4BB2 /* Build configuration list for PBXNativeTarget "MemeProject" */;
			buildPhases = (
				1847983B1D8ED376000D4BB2 /* Sources */,
				1847983C1D8ED376000D4BB2 /* Frameworks */,
				1847983D1D8ED376000D4BB2 /* Resources */,
			);
			buildRules = (
			);
			dependencies = (
			);
			name = MemeProject;
			productName = MemeProject;
			productReference = 1847983F1D8ED376000D4BB2 /* MemeProject.app */;
			productType = "com.apple.product-type.application";
		};
		184798521D8ED376000D4BB2 /* MemeProjectTests */ = {
			isa = PBXNativeTarget;
			buildConfigurationList = 1847986A1D8ED377000D4BB2 /* Build configuration list for PBXNativeTarget "MemeProjectTests" */;
			buildPhases = (
				1847984F1D8ED376000D4BB2 /* Sources */,
				184798501D8ED376000D4BB2 /* Frameworks */,
				184798511D8ED376000D4BB2 /* Resources */,
			);
			buildRules = (
			);
			dependencies = (
				184798551D8ED376000D4BB2 /* PBXTargetDependency */,
			);
			name = MemeProjectTests;
			productName = MemeProjectTests;
			productReference = 184798531D8ED376000D4BB2 /* MemeProjectTests.xctest */;
			productType = "com.apple.product-type.bundle.unit-test";
		};
		1847985D1D8ED377000D4BB2 /* MemeProjectUITests */ = {
			isa = PBXNativeTarget;
			buildConfigurationList = 1847986D1D8ED377000D4BB2 /* Build configuration list for PBXNativeTarget "MemeProjectUITests" */;
			buildPhases = (
				1847985A1D8ED377000D4BB2 /* Sources */,
				1847985B1D8ED377000D4BB2 /* Frameworks */,
				1847985C1D8ED377000D4BB2 /* Resources */,
			);
			buildRules = (
			);
			dependencies = (
				184798601D8ED377000D4BB2 /* PBXTargetDependency */,
			);
			name = MemeProjectUITests;
			productName = MemeProjectUITests;
			productReference = 1847985E1D8ED377000D4BB2 /* MemeProjectUITests.xctest */;
			productType = "com.apple.product-type.bundle.ui-testing";
		};
/* End PBXNativeTarget section */

/* Begin PBXProject section */
		184798371D8ED376000D4BB2 /* Project object */ = {
			isa = PBXProject;
			attributes = {
				LastSwiftUpdateCheck = 0800;
				LastUpgradeCheck = 0800;
				ORGANIZATIONNAME = "Rodrigo Reis";
				TargetAttributes = {
					1847983E1D8ED376000D4BB2 = {
						CreatedOnToolsVersion = 8.0;
						ProvisioningStyle = Automatic;
					};
					184798521D8ED376000D4BB2 = {
						CreatedOnToolsVersion = 8.0;
						ProvisioningStyle = Automatic;
						TestTargetID = 1847983E1D8ED376000D4BB2;
					};
					1847985D1D8ED377000D4BB2 = {
						CreatedOnToolsVersion = 8.0;
						ProvisioningStyle = Automatic;
						TestTargetID = 1847983E1D8ED376000D4BB2;
					};
				};
			};
			buildConfigurationList = 1847983A1D8ED376000D4BB2 /* Build configuration list for PBXProject "MemeProject" */;
			compatibilityVersion = "Xcode 3.2";
			developmentRegion = English;
			hasScannedForEncodings = 0;
			knownRegions = (
				en,
				Base,
			);
			mainGroup = 184798361D8ED376000D4BB2;
			productRefGroup = 184798401D8ED376000D4BB2 /* Products */;
			projectDirPath = "";
			projectRoot = "";
			targets = (
				1847983E1D8ED376000D4BB2 /* MemeProject */,
				184798521D8ED376000D4BB2 /* MemeProjectTests */,
				1847985D1D8ED377000D4BB2 /* MemeProjectUITests */,
			);
		};
/* End PBXProject section */

/* Begin PBXResourcesBuildPhase section */
		1847983D1D8ED376000D4BB2 /* Resources */ = {
			isa = PBXResourcesBuildPhase;
			buildActionMask = 2147483647;
			files = (
				1847984D1D8ED376000D4BB2 /* LaunchScreen.storyboard in Resources */,
				1847984A1D8ED376000D4BB2 /* Assets.xcassets in Resources */,
				184798481D8ED376000D4BB2 /* Main.storyboard in Resources */,
			);
			runOnlyForDeploymentPostprocessing = 0;
		};
		184798511D8ED376000D4BB2 /* Resources */ = {
			isa = PBXResourcesBuildPhase;
			buildActionMask = 2147483647;
			files = (
			);
			runOnlyForDeploymentPostprocessing = 0;
		};
		1847985C1D8ED377000D4BB2 /* Resources */ = {
			isa = PBXResourcesBuildPhase;
			buildActionMask = 2147483647;
			files = (
			);
			runOnlyForDeploymentPostprocessing = 0;
		};
/* End PBXResourcesBuildPhase section */

/* Begin PBXSourcesBuildPhase section */
		1847983B1D8ED376000D4BB2 /* Sources */ = {
			isa = PBXSourcesBuildPhase;
			buildActionMask = 2147483647;
			files = (
				184798451D8ED376000D4BB2 /* ViewController.swift in Sources */,
				184798431D8ED376000D4BB2 /* AppDelegate.swift in Sources */,
			);
			runOnlyForDeploymentPostprocessing = 0;
		};
		1847984F1D8ED376000D4BB2 /* Sources */ = {
			isa = PBXSourcesBuildPhase;
			buildActionMask = 2147483647;
			files = (
				184798581D8ED377000D4BB2 /* MemeProjectTests.swift in Sources */,
			);
			runOnlyForDeploymentPostprocessing = 0;
		};
		1847985A1D8ED377000D4BB2 /* Sources */ = {
			isa = PBXSourcesBuildPhase;
			buildActionMask = 2147483647;
			files = (
				184798631D8ED377000D4BB2 /* MemeProjectUITests.swift in Sources */,
			);
			runOnlyForDeploymentPostprocessing = 0;
		};
/* End PBXSourcesBuildPhase section */

/* Begin PBXTargetDependency section */
		184798551D8ED376000D4BB2 /* PBXTargetDependency */ = {
			isa = PBXTargetDependency;
			target = 1847983E1D8ED376000D4BB2 /* MemeProject */;
			targetProxy = 184798541D8ED376000D4BB2 /* PBXContainerItemProxy */;
		};
		184798601D8ED377000D4BB2 /* PBXTargetDependency */ = {
			isa = PBXTargetDependency;
			target = 1847983E1D8ED376000D4BB2 /* MemeProject */;
			targetProxy = 1847985F1D8ED377000D4BB2 /* PBXContainerItemProxy */;
		};
/* End PBXTargetDependency section */

/* Begin PBXVariantGroup section */
		184798461D8ED376000D4BB2 /* Main.storyboard */ = {
			isa = PBXVariantGroup;
			children = (
				184798471D8ED376000D4BB2 /* Base */,
			);
			name = Main.storyboard;
			sourceTree = "<group>";
		};
		1847984B1D8ED376000D4BB2 /* LaunchScreen.storyboard */ = {
			isa = PBXVariantGroup;
			children = (
				1847984C1D8ED376000D4BB2 /* Base */,
			);
			name = LaunchScreen.storyboard;
			sourceTree = "<group>";
		};
/* End PBXVariantGroup section */

/* Begin XCBuildConfiguration section */
		184798651D8ED377000D4BB2 /* Debug */ = {
			isa = XCBuildConfiguration;
			buildSettings = {
				ALWAYS_SEARCH_USER_PATHS = NO;
				CLANG_ANALYZER_NONNULL = YES;
				CLANG_CXX_LANGUAGE_STANDARD = "gnu++0x";
				CLANG_CXX_LIBRARY = "libc++";
				CLANG_ENABLE_MODULES = YES;
				CLANG_ENABLE_OBJC_ARC = YES;
				CLANG_WARN_BOOL_CONVERSION = YES;
				CLANG_WARN_CONSTANT_CONVERSION = YES;
				CLANG_WARN_DIRECT_OBJC_ISA_USAGE = YES_ERROR;
				CLANG_WARN_DOCUMENTATION_COMMENTS = YES;
				CLANG_WARN_EMPTY_BODY = YES;
				CLANG_WARN_ENUM_CONVERSION = YES;
				CLANG_WARN_INFINITE_RECURSION = YES;
				CLANG_WARN_INT_CONVERSION = YES;
				CLANG_WARN_OBJC_ROOT_CLASS = YES_ERROR;
				CLANG_WARN_SUSPICIOUS_MOVES = YES;
				CLANG_WARN_UNREACHABLE_CODE = YES;
				CLANG_WARN__DUPLICATE_METHOD_MATCH = YES;
				"CODE_SIGN_IDENTITY[sdk=iphoneos*]" = "iPhone Developer";
				COPY_PHASE_STRIP = NO;
				DEBUG_INFORMATION_FORMAT = dwarf;
				ENABLE_STRICT_OBJC_MSGSEND = YES;
				ENABLE_TESTABILITY = YES;
				GCC_C_LANGUAGE_STANDARD = gnu99;
				GCC_DYNAMIC_NO_PIC = NO;
				GCC_NO_COMMON_BLOCKS = YES;
				GCC_OPTIMIZATION_LEVEL = 0;
				GCC_PREPROCESSOR_DEFINITIONS = (
					"DEBUG=1",
					"$(inherited)",
				);
				GCC_WARN_64_TO_32_BIT_CONVERSION = YES;
				GCC_WARN_ABOUT_RETURN_TYPE = YES_ERROR;
				GCC_WARN_UNDECLARED_SELECTOR = YES;
				GCC_WARN_UNINITIALIZED_AUTOS = YES_AGGRESSIVE;
				GCC_WARN_UNUSED_FUNCTION = YES;
				GCC_WARN_UNUSED_VARIABLE = YES;
				IPHONEOS_DEPLOYMENT_TARGET = 10.0;
				MTL_ENABLE_DEBUG_INFO = YES;
				ONLY_ACTIVE_ARCH = YES;
				SDKROOT = iphoneos;
				SWIFT_ACTIVE_COMPILATION_CONDITIONS = DEBUG;
				SWIFT_OPTIMIZATION_LEVEL = "-Onone";
				TARGETED_DEVICE_FAMILY = "1,2";
			};
			name = Debug;
		};
		184798661D8ED377000D4BB2 /* Release */ = {
			isa = XCBuildConfiguration;
			buildSettings = {
				ALWAYS_SEARCH_USER_PATHS = NO;
				CLANG_ANALYZER_NONNULL = YES;
				CLANG_CXX_LANGUAGE_STANDARD = "gnu++0x";
				CLANG_CXX_LIBRARY = "libc++";
				CLANG_ENABLE_MODULES = YES;
				CLANG_ENABLE_OBJC_ARC = YES;
				CLANG_WARN_BOOL_CONVERSION = YES;
				CLANG_WARN_CONSTANT_CONVERSION = YES;
				CLANG_WARN_DIRECT_OBJC_ISA_USAGE = YES_ERROR;
				CLANG_WARN_DOCUMENTATION_COMMENTS = YES;
				CLANG_WARN_EMPTY_BODY = YES;
				CLANG_WARN_ENUM_CONVERSION = YES;
				CLANG_WARN_INFINITE_RECURSION = YES;
				CLANG_WARN_INT_CONVERSION = YES;
				CLANG_WARN_OBJC_ROOT_CLASS = YES_ERROR;
				CLANG_WARN_SUSPICIOUS_MOVES = YES;
				CLANG_WARN_UNREACHABLE_CODE = YES;
				CLANG_WARN__DUPLICATE_METHOD_MATCH = YES;
				"CODE_SIGN_IDENTITY[sdk=iphoneos*]" = "iPhone Developer";
				COPY_PHASE_STRIP = NO;
				DEBUG_INFORMATION_FORMAT = "dwarf-with-dsym";
				ENABLE_NS_ASSERTIONS = NO;
				ENABLE_STRICT_OBJC_MSGSEND = YES;
				GCC_C_LANGUAGE_STANDARD = gnu99;
				GCC_NO_COMMON_BLOCKS = YES;
				GCC_WARN_64_TO_32_BIT_CONVERSION = YES;
				GCC_WARN_ABOUT_RETURN_TYPE = YES_ERROR;
				GCC_WARN_UNDECLARED_SELECTOR = YES;
				GCC_WARN_UNINITIALIZED_AUTOS = YES_AGGRESSIVE;
				GCC_WARN_UNUSED_FUNCTION = YES;
				GCC_WARN_UNUSED_VARIABLE = YES;
				IPHONEOS_DEPLOYMENT_TARGET = 10.0;
				MTL_ENABLE_DEBUG_INFO = NO;
				SDKROOT = iphoneos;
				SWIFT_OPTIMIZATION_LEVEL = "-Owholemodule";
				TARGETED_DEVICE_FAMILY = "1,2";
				VALIDATE_PRODUCT = YES;
			};
			name = Release;
		};
		184798681D8ED377000D4BB2 /* Debug */ = {
			isa = XCBuildConfiguration;
			buildSettings = {
				ASSETCATALOG_COMPILER_APPICON_NAME = AppIcon;
				INFOPLIST_FILE = MemeProject/Info.plist;
				LD_RUNPATH_SEARCH_PATHS = "$(inherited) @executable_path/Frameworks";
				PRODUCT_BUNDLE_IDENTIFIER = br.com.reis.MemeProject;
				PRODUCT_NAME = "$(TARGET_NAME)";
				SWIFT_VERSION = 3.0;
			};
			name = Debug;
		};
		184798691D8ED377000D4BB2 /* Release */ = {
			isa = XCBuildConfiguration;
			buildSettings = {
				ASSETCATALOG_COMPILER_APPICON_NAME = AppIcon;
				INFOPLIST_FILE = MemeProject/Info.plist;
				LD_RUNPATH_SEARCH_PATHS = "$(inherited) @executable_path/Frameworks";
				PRODUCT_BUNDLE_IDENTIFIER = br.com.reis.MemeProject;
				PRODUCT_NAME = "$(TARGET_NAME)";
				SWIFT_VERSION = 3.0;
			};
			name = Release;
		};
		1847986B1D8ED377000D4BB2 /* Debug */ = {
			isa = XCBuildConfiguration;
			buildSettings = {
				ALWAYS_EMBED_SWIFT_STANDARD_LIBRARIES = YES;
				BUNDLE_LOADER = "$(TEST_HOST)";
				INFOPLIST_FILE = MemeProjectTests/Info.plist;
				LD_RUNPATH_SEARCH_PATHS = "$(inherited) @executable_path/Frameworks @loader_path/Frameworks";
				PRODUCT_BUNDLE_IDENTIFIER = br.com.reis.MemeProjectTests;
				PRODUCT_NAME = "$(TARGET_NAME)";
				SWIFT_VERSION = 3.0;
				TEST_HOST = "$(BUILT_PRODUCTS_DIR)/MemeProject.app/MemeProject";
			};
			name = Debug;
		};
		1847986C1D8ED377000D4BB2 /* Release */ = {
			isa = XCBuildConfiguration;
			buildSettings = {
				ALWAYS_EMBED_SWIFT_STANDARD_LIBRARIES = YES;
				BUNDLE_LOADER = "$(TEST_HOST)";
				INFOPLIST_FILE = MemeProjectTests/Info.plist;
				LD_RUNPATH_SEARCH_PATHS = "$(inherited) @executable_path/Frameworks @loader_path/Frameworks";
				PRODUCT_BUNDLE_IDENTIFIER = br.com.reis.MemeProjectTests;
				PRODUCT_NAME = "$(TARGET_NAME)";
				SWIFT_VERSION = 3.0;
				TEST_HOST = "$(BUILT_PRODUCTS_DIR)/MemeProject.app/MemeProject";
			};
			name = Release;
		};
		1847986E1D8ED377000D4BB2 /* Debug */ = {
			isa = XCBuildConfiguration;
			buildSettings = {
				ALWAYS_EMBED_SWIFT_STANDARD_LIBRARIES = YES;
				INFOPLIST_FILE = MemeProjectUITests/Info.plist;
				LD_RUNPATH_SEARCH_PATHS = "$(inherited) @executable_path/Frameworks @loader_path/Frameworks";
				PRODUCT_BUNDLE_IDENTIFIER = br.com.reis.MemeProjectUITests;
				PRODUCT_NAME = "$(TARGET_NAME)";
				SWIFT_VERSION = 3.0;
				TEST_TARGET_NAME = MemeProject;
			};
			name = Debug;
		};
		1847986F1D8ED377000D4BB2 /* Release */ = {
			isa = XCBuildConfiguration;
			buildSettings = {
				ALWAYS_EMBED_SWIFT_STANDARD_LIBRARIES = YES;
				INFOPLIST_FILE = MemeProjectUITests/Info.plist;
				LD_RUNPATH_SEARCH_PATHS = "$(inherited) @executable_path/Frameworks @loader_path/Frameworks";
				PRODUCT_BUNDLE_IDENTIFIER = br.com.reis.MemeProjectUITests;
				PRODUCT_NAME = "$(TARGET_NAME)";
				SWIFT_VERSION = 3.0;
				TEST_TARGET_NAME = MemeProject;
			};
			name = Release;
		};
/* End XCBuildConfiguration section */

/* Begin XCConfigurationList section */
		1847983A1D8ED376000D4BB2 /* Build configuration list for PBXProject "MemeProject" */ = {
			isa = XCConfigurationList;
			buildConfigurations = (
				184798651D8ED377000D4BB2 /* Debug */,
				184798661D8ED377000D4BB2 /* Release */,
			);
			defaultConfigurationIsVisible = 0;
			defaultConfigurationName = Release;
		};
		184798671D8ED377000D4BB2 /* Build configuration list for PBXNativeTarget "MemeProject" */ = {
			isa = XCConfigurationList;
			buildConfigurations = (
				184798681D8ED377000D4BB2 /* Debug */,
				184798691D8ED377000D4BB2 /* Release */,
			);
			defaultConfigurationIsVisible = 0;
		};
		1847986A1D8ED377000D4BB2 /* Build configuration list for PBXNativeTarget "MemeProjectTests" */ = {
			isa = XCConfigurationList;
			buildConfigurations = (
				1847986B1D8ED377000D4BB2 /* Debug */,
				1847986C1D8ED377000D4BB2 /* Release */,
			);
			defaultConfigurationIsVisible = 0;
		};
		1847986D1D8ED377000D4BB2 /* Build configuration list for PBXNativeTarget "MemeProjectUITests" */ = {
			isa = XCConfigurationList;
			buildConfigurations = (
				1847986E1D8ED377000D4BB2 /* Debug */,
				1847986F1D8ED377000D4BB2 /* Release */,
			);
			defaultConfigurationIsVisible = 0;
		};
/* End XCConfigurationList section */
	};
	rootObject = 184798371D8ED376000D4BB2 /* Project object */;
}
